
Microsoft Visual Studio Solution File, Format Version 12.00
# Visual Studio Version 16
VisualStudioVersion = 16.0.29020.237
MinimumVisualStudioVersion = 10.0.40219.1
Project("{9A19103F-16F7-4668-BE54-9A1E7A4F7556}") = "Portal", "Portal\Portal.csproj", "{D7008779-F488-4CD1-AF19-79C4B3917390}"
EndProject
Project("{9A19103F-16F7-4668-BE54-9A1E7A4F7556}") = "Portal.Infrastructure", "Portal.Infrastructure\Portal.Infrastructure.csproj", "{EC11A122-5B9C-453E-85D2-5685443424E4}"
EndProject
Project("{9A19103F-16F7-4668-BE54-9A1E7A4F7556}") = "Portal.Application", "Portal.Application\Portal.Application.csproj", "{6FD08F62-7FAB-44DF-A588-98D57F91BAF1}"
EndProject
Project("{9A19103F-16F7-4668-BE54-9A1E7A4F7556}") = "Portal.Scrapper", "..\Portal.Scrapper\Portal.Scrapper\Portal.Scrapper.csproj", "{CFEEAA88-E69B-4D4F-9C24-E72AF40CDAFB}"
EndProject
Project("{FAE04EC0-301F-11D3-BF4B-00C04F79EFBC}") = "Portal.Tests", "Portal.Tests\Portal.Tests.csproj", "{B6DE532E-ED38-403C-8CFB-45CF4517B9AF}"
	ProjectSection(ProjectDependencies) = postProject
		{EC11A122-5B9C-453E-85D2-5685443424E4} = {EC11A122-5B9C-453E-85D2-5685443424E4}
		{6FD08F62-7FAB-44DF-A588-98D57F91BAF1} = {6FD08F62-7FAB-44DF-A588-98D57F91BAF1}
		{D7008779-F488-4CD1-AF19-79C4B3917390} = {D7008779-F488-4CD1-AF19-79C4B3917390}
	EndProjectSection
EndProject
Global
	GlobalSection(SolutionConfigurationPlatforms) = preSolution
		Debug|Any CPU = Debug|Any CPU
		Release|Any CPU = Release|Any CPU
	EndGlobalSection
	GlobalSection(ProjectConfigurationPlatforms) = postSolution
		{D7008779-F488-4CD1-AF19-79C4B3917390}.Debug|Any CPU.ActiveCfg = Debug|Any CPU
		{D7008779-F488-4CD1-AF19-79C4B3917390}.Debug|Any CPU.Build.0 = Debug|Any CPU
		{D7008779-F488-4CD1-AF19-79C4B3917390}.Release|Any CPU.ActiveCfg = Release|Any CPU
		{D7008779-F488-4CD1-AF19-79C4B3917390}.Release|Any CPU.Build.0 = Release|Any CPU
		{EC11A122-5B9C-453E-85D2-5685443424E4}.Debug|Any CPU.ActiveCfg = Debug|Any CPU
		{EC11A122-5B9C-453E-85D2-5685443424E4}.Debug|Any CPU.Build.0 = Debug|Any CPU
		{EC11A122-5B9C-453E-85D2-5685443424E4}.Release|Any CPU.ActiveCfg = Release|Any CPU
		{EC11A122-5B9C-453E-85D2-5685443424E4}.Release|Any CPU.Build.0 = Release|Any CPU
		{6FD08F62-7FAB-44DF-A588-98D57F91BAF1}.Debug|Any CPU.ActiveCfg = Debug|Any CPU
		{6FD08F62-7FAB-44DF-A588-98D57F91BAF1}.Debug|Any CPU.Build.0 = Debug|Any CPU
		{6FD08F62-7FAB-44DF-A588-98D57F91BAF1}.Release|Any CPU.ActiveCfg = Release|Any CPU
		{6FD08F62-7FAB-44DF-A588-98D57F91BAF1}.Release|Any CPU.Build.0 = Release|Any CPU
		{CFEEAA88-E69B-4D4F-9C24-E72AF40CDAFB}.Debug|Any CPU.ActiveCfg = Debug|Any CPU
		{CFEEAA88-E69B-4D4F-9C24-E72AF40CDAFB}.Debug|Any CPU.Build.0 = Debug|Any CPU
		{CFEEAA88-E69B-4D4F-9C24-E72AF40CDAFB}.Release|Any CPU.ActiveCfg = Release|Any CPU
		{CFEEAA88-E69B-4D4F-9C24-E72AF40CDAFB}.Release|Any CPU.Build.0 = Release|Any CPU
		{B6DE532E-ED38-403C-8CFB-45CF4517B9AF}.Debug|Any CPU.ActiveCfg = Debug|Any CPU
		{B6DE532E-ED38-403C-8CFB-45CF4517B9AF}.Debug|Any CPU.Build.0 = Debug|Any CPU
		{B6DE532E-ED38-403C-8CFB-45CF4517B9AF}.Release|Any CPU.ActiveCfg = Release|Any CPU
		{B6DE532E-ED38-403C-8CFB-45CF4517B9AF}.Release|Any CPU.Build.0 = Release|Any CPU
	EndGlobalSection
	GlobalSection(SolutionProperties) = preSolution
		HideSolutionNode = FALSE
	EndGlobalSection
	GlobalSection(ExtensibilityGlobals) = postSolution
		SolutionGuid = {952D4C73-8055-4BDC-B7D0-0B3F31371DEB}
	EndGlobalSection
EndGlobal
